github.com/google/uuid v1.6.0 h1:NIvaJDMOsjHA8n1jAhLSgzrAzy1Hgr+hNrb57e+94F0=
github.com/google/uuid v1.6.0/go.mod h1:TIyPZe4MgqvfeYDBFedMoGGpEw/LqOeaOT+nhxU+yHo=
github.com/tronicum/punchbag-cube-testsuite/shared v0.1.2 h1:pLjkiDrwx5y3Nz/DZCoGtGMXQZMDdzR9J2P1X2zKaJs=
github.com/tronicum/punchbag-cube-testsuite/shared v0.1.2/go.mod h1:XFLXnySw78nhWtizHA/1KGhfkxt+E1uat3bQZczYNa8=
