github.com/tronicum/punchbag-cube-testsuite/werfty-transformator/transform v0.0.0-20250707112754-662c171ce0de h1:1lUOsksLc2gm0fOxaw/4A99rsPVUQLdkCvz1B3N0FuA=
github.com/tronicum/punchbag-cube-testsuite/werfty-transformator/transform v0.0.0-20250707112754-662c171ce0de/go.mod h1:Uv5s2Y7WSn/gjyjh/r0gWexQ7r+0iHeDzXLLMcZl5Yk=
